
Microsoft Visual Studio Solution File, Format Version 12.00
# Visual Studio 15
VisualStudioVersion = 15.0.28307.1145
MinimumVisualStudioVersion = 10.0.40219.1
Project("{FAE04EC0-301F-11D3-BF4B-00C04F79EFBC}") = "dificil", "dificil\dificil.csproj", "{4AE465EB-AEA1-41F0-BD42-DC4809024948}"
EndProject
Global
	GlobalSection(SolutionConfigurationPlatforms) = preSolution
		Debug|Any CPU = Debug|Any CPU
		Release|Any CPU = Release|Any CPU
	EndGlobalSection
	GlobalSection(ProjectConfigurationPlatforms) = postSolution
		{4AE465EB-AEA1-41F0-BD42-DC4809024948}.Debug|Any CPU.ActiveCfg = Debug|Any CPU
		{4AE465EB-AEA1-41F0-BD42-DC4809024948}.Debug|Any CPU.Build.0 = Debug|Any CPU
		{4AE465EB-AEA1-41F0-BD42-DC4809024948}.Release|Any CPU.ActiveCfg = Release|Any CPU
		{4AE465EB-AEA1-41F0-BD42-DC4809024948}.Release|Any CPU.Build.0 = Release|Any CPU
	EndGlobalSection
	GlobalSection(SolutionProperties) = preSolution
		HideSolutionNode = FALSE
	EndGlobalSection
	GlobalSection(ExtensibilityGlobals) = postSolution
		SolutionGuid = {72347068-34F4-4986-99A6-5B3E747ECBFA}
	EndGlobalSection
EndGlobal
